
Microsoft Visual Studio Solution File, Format Version 12.00
# Visual Studio Version 17
VisualStudioVersion = 17.14.36310.24 d17.14
MinimumVisualStudioVersion = 10.0.40219.1
Project("{FAE04EC0-301F-11D3-BF4B-00C04F79EFBC}") = "NAudience.Forms", "NAudience.Forms\NAudience.Forms.csproj", "{ED873848-009A-498A-BCA0-B85D91E84B04}"
EndProject
Project("{FAE04EC0-301F-11D3-BF4B-00C04F79EFBC}") = "NAudience.Core", "NAudience.Core\NAudience.Core.csproj", "{28192383-9634-485A-B3B2-7B555E23D3A2}"
EndProject
Global
	GlobalSection(SolutionConfigurationPlatforms) = preSolution
		Debug|Any CPU = Debug|Any CPU
		Release|Any CPU = Release|Any CPU
	EndGlobalSection
	GlobalSection(ProjectConfigurationPlatforms) = postSolution
		{ED873848-009A-498A-BCA0-B85D91E84B04}.Debug|Any CPU.ActiveCfg = Debug|Any CPU
		{ED873848-009A-498A-BCA0-B85D91E84B04}.Debug|Any CPU.Build.0 = Debug|Any CPU
		{ED873848-009A-498A-BCA0-B85D91E84B04}.Release|Any CPU.ActiveCfg = Release|Any CPU
		{ED873848-009A-498A-BCA0-B85D91E84B04}.Release|Any CPU.Build.0 = Release|Any CPU
		{28192383-9634-485A-B3B2-7B555E23D3A2}.Debug|Any CPU.ActiveCfg = Debug|Any CPU
		{28192383-9634-485A-B3B2-7B555E23D3A2}.Debug|Any CPU.Build.0 = Debug|Any CPU
		{28192383-9634-485A-B3B2-7B555E23D3A2}.Release|Any CPU.ActiveCfg = Release|Any CPU
		{28192383-9634-485A-B3B2-7B555E23D3A2}.Release|Any CPU.Build.0 = Release|Any CPU
	EndGlobalSection
	GlobalSection(SolutionProperties) = preSolution
		HideSolutionNode = FALSE
	EndGlobalSection
	GlobalSection(ExtensibilityGlobals) = postSolution
		SolutionGuid = {12B79C0A-F427-4B34-8DE0-EFF6C24025E1}
	EndGlobalSection
EndGlobal
